{
  "version": 4,
  "terraform_version": "1.11.0",
  "serial": 47,
  "lineage": "41cbd9fe-061b-c2e4-9ab2-633a249adc8c",
  "outputs": {},
  "resources": [
    {
      "mode": "managed",
      "type": "yandex_alb_backend_group",
      "name": "web-backend-group",
      "provider": "provider[\"registry.terraform.io/yandex-cloud/yandex\"]",
      "instances": [
        {
          "schema_version": 0,
          "attributes": {
            "created_at": "2025-03-05T09:06:09Z",
            "description": "",
            "folder_id": "b1goqt6395pbqs0t7sa4",
            "grpc_backend": [],
            "http_backend": [
              {
                "healthcheck": [
                  {
                    "grpc_healthcheck": [],
                    "healthcheck_port": 0,
                    "healthy_threshold": 0,
                    "http_healthcheck": [
                      {
                        "expected_statuses": [],
                        "host": "",
                        "http2": false,
                        "path": "/"
                      }
                    ],
                    "interval": "2s",
                    "interval_jitter_percent": 0,
                    "stream_healthcheck": [],
                    "timeout": "10s",
                    "unhealthy_threshold": 0
                  }
                ],
                "http2": false,
                "load_balancing_config": [],
                "name": "web-backend",
                "port": 80,
                "storage_bucket": "",
                "target_group_ids": [
                  "ds7k7vjonjvcpdhmjftc"
                ],
                "tls": [],
                "weight": 1
              }
            ],
            "id": "ds730fvb54pejb3j86eg",
            "labels": {},
            "name": "web-backend-group",
            "session_affinity": [],
            "stream_backend": [],
            "timeouts": null
          },
          "sensitive_attributes": [],
          "private": "eyJlMmJmYjczMC1lY2FhLTExZTYtOGY4OC0zNDM2M2JjN2M0YzAiOnsiY3JlYXRlIjozMDAwMDAwMDAwMDAsImRlbGV0ZSI6MzAwMDAwMDAwMDAwLCJ1cGRhdGUiOjMwMDAwMDAwMDAwMH19",
          "dependencies": [
            "yandex_alb_target_group.web-target-group",
            "yandex_compute_instance.web-server-1",
            "yandex_compute_instance.web-server-2",
            "yandex_vpc_network.network",
            "yandex_vpc_subnet.subnet-a",
            "yandex_vpc_subnet.subnet-b"
          ]
        }
      ]
    },
    {
      "mode": "managed",
      "type": "yandex_alb_http_router",
      "name": "web-router",
      "provider": "provider[\"registry.terraform.io/yandex-cloud/yandex\"]",
      "instances": [
        {
          "schema_version": 0,
          "attributes": {
            "created_at": "2025-03-05T09:05:23Z",
            "description": "",
            "folder_id": "b1goqt6395pbqs0t7sa4",
            "id": "ds7t1s9qsr35vaikuovn",
            "labels": {},
            "name": "web-router",
            "route_options": [],
            "timeouts": null
          },
          "sensitive_attributes": [],
          "private": "eyJlMmJmYjczMC1lY2FhLTExZTYtOGY4OC0zNDM2M2JjN2M0YzAiOnsiY3JlYXRlIjozMDAwMDAwMDAwMDAsImRlbGV0ZSI6MzAwMDAwMDAwMDAwLCJ1cGRhdGUiOjMwMDAwMDAwMDAwMH19"
        }
      ]
    },
    {
      "mode": "managed",
      "type": "yandex_alb_load_balancer",
      "name": "web-balancer",
      "provider": "provider[\"registry.terraform.io/yandex-cloud/yandex\"]",
      "instances": [
        {
          "schema_version": 0,
          "attributes": {
            "allocation_policy": [
              {
                "location": [
                  {
                    "disable_traffic": false,
                    "subnet_id": "e9b2kiifurm0scbokusn",
                    "zone_id": "ru-central1-a"
                  }
                ]
              }
            ],
            "created_at": "2025-03-05T09:05:28Z",
            "description": "",
            "folder_id": "b1goqt6395pbqs0t7sa4",
            "id": "ds75rfc233kk8tg65p43",
            "labels": {},
            "listener": [
              {
                "endpoint": [
                  {
                    "address": [
                      {
                        "external_ipv4_address": [
                          {
                            "address": "158.160.172.118"
                          }
                        ],
                        "external_ipv6_address": [],
                        "internal_ipv4_address": []
                      }
                    ],
                    "ports": [
                      80
                    ]
                  }
                ],
                "http": [
                  {
                    "handler": [
                      {
                        "allow_http10": false,
                        "http2_options": [],
                        "http_router_id": "ds7t1s9qsr35vaikuovn",
                        "rewrite_request_id": false
                      }
                    ],
                    "redirects": []
                  }
                ],
                "name": "web-listener",
                "stream": [],
                "tls": []
              }
            ],
            "log_group_id": "",
            "log_options": [],
            "name": "web-balancer",
            "network_id": "enpp3slsb5b6enfagkb2",
            "region_id": "",
            "security_group_ids": [],
            "status": "active",
            "timeouts": null
          },
          "sensitive_attributes": [],
          "private": "eyJlMmJmYjczMC1lY2FhLTExZTYtOGY4OC0zNDM2M2JjN2M0YzAiOnsiY3JlYXRlIjo2MDAwMDAwMDAwMDAsImRlbGV0ZSI6NjAwMDAwMDAwMDAwLCJ1cGRhdGUiOjYwMDAwMDAwMDAwMH19",
          "dependencies": [
            "yandex_alb_http_router.web-router",
            "yandex_vpc_network.network",
            "yandex_vpc_subnet.subnet-a"
          ]
        }
      ]
    },
    {
      "mode": "managed",
      "type": "yandex_alb_target_group",
      "name": "web-target-group",
      "provider": "provider[\"registry.terraform.io/yandex-cloud/yandex\"]",
      "instances": [
        {
          "schema_version": 0,
          "attributes": {
            "created_at": "2025-03-05T09:06:09Z",
            "description": "",
            "folder_id": "b1goqt6395pbqs0t7sa4",
            "id": "ds7k7vjonjvcpdhmjftc",
            "labels": {},
            "name": "web-target-group",
            "target": [
              {
                "ip_address": "192.168.10.31",
                "private_ipv4_address": false,
                "subnet_id": "e9b2kiifurm0scbokusn"
              },
              {
                "ip_address": "192.168.20.13",
                "private_ipv4_address": false,
                "subnet_id": "e2ls1gvf6oned9gj68jh"
              }
            ],
            "timeouts": null
          },
          "sensitive_attributes": [],
          "private": "eyJlMmJmYjczMC1lY2FhLTExZTYtOGY4OC0zNDM2M2JjN2M0YzAiOnsiY3JlYXRlIjozMDAwMDAwMDAwMDAsImRlbGV0ZSI6MzAwMDAwMDAwMDAwLCJ1cGRhdGUiOjMwMDAwMDAwMDAwMH19",
          "dependencies": [
            "yandex_compute_instance.web-server-1",
            "yandex_compute_instance.web-server-2",
            "yandex_vpc_network.network",
            "yandex_vpc_subnet.subnet-a",
            "yandex_vpc_subnet.subnet-b"
          ]
        }
      ]
    },
    {
      "mode": "managed",
      "type": "yandex_alb_virtual_host",
      "name": "web-host",
      "provider": "provider[\"registry.terraform.io/yandex-cloud/yandex\"]",
      "instances": [
        {
          "schema_version": 0,
          "attributes": {
            "authority": [],
            "http_router_id": "ds7t1s9qsr35vaikuovn",
            "id": "ds7t1s9qsr35vaikuovn/web-host",
            "modify_request_headers": [],
            "modify_response_headers": [],
            "name": "web-host",
            "rate_limit": [],
            "route": [
              {
                "grpc_route": [],
                "http_route": [
                  {
                    "direct_response_action": [],
                    "http_match": [],
                    "http_route_action": [
                      {
                        "auto_host_rewrite": false,
                        "backend_group_id": "ds730fvb54pejb3j86eg",
                        "host_rewrite": "",
                        "idle_timeout": "",
                        "prefix_rewrite": "",
                        "rate_limit": [],
                        "timeout": "",
                        "upgrade_types": []
                      }
                    ],
                    "redirect_action": []
                  }
                ],
                "name": "web-route",
                "route_options": []
              }
            ],
            "route_options": [],
            "timeouts": null
          },
          "sensitive_attributes": [],
          "private": "eyJlMmJmYjczMC1lY2FhLTExZTYtOGY4OC0zNDM2M2JjN2M0YzAiOnsiY3JlYXRlIjozMDAwMDAwMDAwMDAsImRlbGV0ZSI6MzAwMDAwMDAwMDAwLCJ1cGRhdGUiOjMwMDAwMDAwMDAwMH19",
          "dependencies": [
            "yandex_alb_backend_group.web-backend-group",
            "yandex_alb_http_router.web-router",
            "yandex_alb_target_group.web-target-group",
            "yandex_compute_instance.web-server-1",
            "yandex_compute_instance.web-server-2",
            "yandex_vpc_network.network",
            "yandex_vpc_subnet.subnet-a",
            "yandex_vpc_subnet.subnet-b"
          ]
        }
      ]
    },
    {
      "mode": "managed",
      "type": "yandex_compute_instance",
      "name": "web-server-1",
      "provider": "provider[\"registry.terraform.io/yandex-cloud/yandex\"]",
      "instances": [
        {
          "schema_version": 1,
          "attributes": {
            "allow_recreate": null,
            "allow_stopping_for_update": null,
            "boot_disk": [
              {
                "auto_delete": true,
                "device_name": "fhm472fbar32eoc7id3q",
                "disk_id": "fhm472fbar32eoc7id3q",
                "initialize_params": [
                  {
                    "block_size": 4096,
                    "description": "",
                    "image_id": "fd8kc2n656prni2cimp5",
                    "kms_key_id": "",
                    "name": "",
                    "size": 10,
                    "snapshot_id": "",
                    "type": "network-hdd"
                  }
                ],
                "mode": "READ_WRITE"
              }
            ],
            "created_at": "2025-03-05T10:44:19Z",
            "description": "",
            "filesystem": [],
            "folder_id": "b1goqt6395pbqs0t7sa4",
            "fqdn": "web-server-1.ru-central1.internal",
            "gpu_cluster_id": "",
            "hardware_generation": [
              {
                "generation2_features": [],
                "legacy_features": [
                  {
                    "pci_topology": "PCI_TOPOLOGY_V1"
                  }
                ]
              }
            ],
            "hostname": "web-server-1",
            "id": "fhmnd9a2pj9vvt9q6od0",
            "labels": null,
            "local_disk": [],
            "maintenance_grace_period": "",
            "maintenance_policy": null,
            "metadata": {
              "ssh-keys": "marchenko:ssh-rsa AAAAB3NzaC1yc2EAAAADAQABAAACAQCvGLP+BuqKD8ORVoS5aqnV4IT5bSYI64YhbQkY1ZBRkXJ6uq9gQlTfyrmv6WcEV7b2g/Wkfn7IS+PkNOkyxFsKJ68zsHuf+lastmvX01q4BOdYyFhWY0/mwGyvzvnW04SVIDnBuftxzR2ewKOBw6B/uzAPG+LdUEBopk4piKoCgjL3B53sAKxsZVmk6qT0fYKiGhiAbDshrtsKg2KFs+xrgLC6qX8KzT4qT8zpL6tQpEzEUCfxHYNt75c9i3yAHec+OOpEGnM4HglGjXsyPN1FF3uEjDtK517ocAz58HVCb1gIgvC/APLlym/eHT2XLkh0uAkPoJChGWcddZcic3MmVNYwop6lQy8jnP0UqmqQQsfybKmq6lA1tFVfZoGdLtaDjusEGOUeyT/XSgGZvZPv0fB68YizuXzUuwYkGeST1sF6iupDHYUzr6MsHiNxqL4PQO2I57yHZUKAV35n1ZOUNHmXi4TXa4Vwx5XRp0QDabJwV9aMRolM20os9JJaFypPnSHhSqVA6K+o6N/BsdYZLeDcSHswxr2ovpiNY8LqP/nAgkiVYLKd2x8TEl8Utd577pndM9s4SrQ/EaU6deqH+LK0WgXGmPOVZo7OAPqruMZ5WqmE7Ju4vVOGYOBG8UlJjgiVSOqll0k7O0c2aCTKgziMV+Rs//sj8CiW3YpQ3w== marchenko"
            },
            "metadata_options": [
              {
                "aws_v1_http_endpoint": 1,
                "aws_v1_http_token": 2,
                "gce_http_endpoint": 1,
                "gce_http_token": 1
              }
            ],
            "name": "web-server-1",
            "network_acceleration_type": "standard",
            "network_interface": [
              {
                "dns_record": [],
                "index": 0,
                "ip_address": "192.168.10.31",
                "ipv4": true,
                "ipv6": false,
                "ipv6_address": "",
                "ipv6_dns_record": [],
                "mac_address": "d0:0d:17:6a:54:2c",
                "nat": false,
                "nat_dns_record": [],
                "nat_ip_address": "",
                "nat_ip_version": "",
                "security_group_ids": [],
                "subnet_id": "e9b2kiifurm0scbokusn"
              }
            ],
            "placement_policy": [
              {
                "host_affinity_rules": [],
                "placement_group_id": "",
                "placement_group_partition": 0
              }
            ],
            "platform_id": "standard-v2",
            "resources": [
              {
                "core_fraction": 100,
                "cores": 2,
                "gpus": 0,
                "memory": 2
              }
            ],
            "scheduling_policy": [
              {
                "preemptible": false
              }
            ],
            "secondary_disk": [],
            "service_account_id": "",
            "status": "running",
            "timeouts": null,
            "zone": "ru-central1-a"
          },
          "sensitive_attributes": [],
          "private": "eyJlMmJmYjczMC1lY2FhLTExZTYtOGY4OC0zNDM2M2JjN2M0YzAiOnsiY3JlYXRlIjozMDAwMDAwMDAwMDAsImRlbGV0ZSI6MzAwMDAwMDAwMDAwLCJ1cGRhdGUiOjMwMDAwMDAwMDAwMH0sInNjaGVtYV92ZXJzaW9uIjoiMSJ9",
          "dependencies": [
            "yandex_vpc_network.network",
            "yandex_vpc_subnet.subnet-a"
          ]
        }
      ]
    },
    {
      "mode": "managed",
      "type": "yandex_compute_instance",
      "name": "web-server-2",
      "provider": "provider[\"registry.terraform.io/yandex-cloud/yandex\"]",
      "instances": [
        {
          "schema_version": 1,
          "attributes": {
            "allow_recreate": null,
            "allow_stopping_for_update": null,
            "boot_disk": [
              {
                "auto_delete": true,
                "device_name": "epd79eg0ecpvfo2v3d4v",
                "disk_id": "epd79eg0ecpvfo2v3d4v",
                "initialize_params": [
                  {
                    "block_size": 4096,
                    "description": "",
                    "image_id": "fd8kc2n656prni2cimp5",
                    "kms_key_id": "",
                    "name": "",
                    "size": 10,
                    "snapshot_id": "",
                    "type": "network-hdd"
                  }
                ],
                "mode": "READ_WRITE"
              }
            ],
            "created_at": "2025-03-05T10:44:17Z",
            "description": "",
            "filesystem": [],
            "folder_id": "b1goqt6395pbqs0t7sa4",
            "fqdn": "web-server-2.ru-central1.internal",
            "gpu_cluster_id": "",
            "hardware_generation": [
              {
                "generation2_features": [],
                "legacy_features": [
                  {
                    "pci_topology": "PCI_TOPOLOGY_V1"
                  }
                ]
              }
            ],
            "hostname": "web-server-2",
            "id": "epdm9eb974i2bv7u97k2",
            "labels": null,
            "local_disk": [],
            "maintenance_grace_period": "",
            "maintenance_policy": null,
            "metadata": {
              "ssh-keys": "marchenko:ssh-rsa AAAAB3NzaC1yc2EAAAADAQABAAACAQCvGLP+BuqKD8ORVoS5aqnV4IT5bSYI64YhbQkY1ZBRkXJ6uq9gQlTfyrmv6WcEV7b2g/Wkfn7IS+PkNOkyxFsKJ68zsHuf+lastmvX01q4BOdYyFhWY0/mwGyvzvnW04SVIDnBuftxzR2ewKOBw6B/uzAPG+LdUEBopk4piKoCgjL3B53sAKxsZVmk6qT0fYKiGhiAbDshrtsKg2KFs+xrgLC6qX8KzT4qT8zpL6tQpEzEUCfxHYNt75c9i3yAHec+OOpEGnM4HglGjXsyPN1FF3uEjDtK517ocAz58HVCb1gIgvC/APLlym/eHT2XLkh0uAkPoJChGWcddZcic3MmVNYwop6lQy8jnP0UqmqQQsfybKmq6lA1tFVfZoGdLtaDjusEGOUeyT/XSgGZvZPv0fB68YizuXzUuwYkGeST1sF6iupDHYUzr6MsHiNxqL4PQO2I57yHZUKAV35n1ZOUNHmXi4TXa4Vwx5XRp0QDabJwV9aMRolM20os9JJaFypPnSHhSqVA6K+o6N/BsdYZLeDcSHswxr2ovpiNY8LqP/nAgkiVYLKd2x8TEl8Utd577pndM9s4SrQ/EaU6deqH+LK0WgXGmPOVZo7OAPqruMZ5WqmE7Ju4vVOGYOBG8UlJjgiVSOqll0k7O0c2aCTKgziMV+Rs//sj8CiW3YpQ3w== marchenko"
            },
            "metadata_options": [
              {
                "aws_v1_http_endpoint": 1,
                "aws_v1_http_token": 2,
                "gce_http_endpoint": 1,
                "gce_http_token": 1
              }
            ],
            "name": "web-server-2",
            "network_acceleration_type": "standard",
            "network_interface": [
              {
                "dns_record": [],
                "index": 0,
                "ip_address": "192.168.20.13",
                "ipv4": true,
                "ipv6": false,
                "ipv6_address": "",
                "ipv6_dns_record": [],
                "mac_address": "d0:0d:16:4b:96:93",
                "nat": false,
                "nat_dns_record": [],
                "nat_ip_address": "",
                "nat_ip_version": "",
                "security_group_ids": [],
                "subnet_id": "e2ls1gvf6oned9gj68jh"
              }
            ],
            "placement_policy": [
              {
                "host_affinity_rules": [],
                "placement_group_id": "",
                "placement_group_partition": 0
              }
            ],
            "platform_id": "standard-v2",
            "resources": [
              {
                "core_fraction": 100,
                "cores": 2,
                "gpus": 0,
                "memory": 2
              }
            ],
            "scheduling_policy": [
              {
                "preemptible": false
              }
            ],
            "secondary_disk": [],
            "service_account_id": "",
            "status": "running",
            "timeouts": null,
            "zone": "ru-central1-b"
          },
          "sensitive_attributes": [],
          "private": "eyJlMmJmYjczMC1lY2FhLTExZTYtOGY4OC0zNDM2M2JjN2M0YzAiOnsiY3JlYXRlIjozMDAwMDAwMDAwMDAsImRlbGV0ZSI6MzAwMDAwMDAwMDAwLCJ1cGRhdGUiOjMwMDAwMDAwMDAwMH0sInNjaGVtYV92ZXJzaW9uIjoiMSJ9",
          "dependencies": [
            "yandex_vpc_network.network",
            "yandex_vpc_subnet.subnet-b"
          ]
        }
      ]
    },
    {
      "mode": "managed",
      "type": "yandex_compute_snapshot",
      "name": "web-server-1-snapshot",
      "provider": "provider[\"registry.terraform.io/yandex-cloud/yandex\"]",
      "instances": [
        {
          "schema_version": 0,
          "attributes": {
            "created_at": "2025-03-05T10:44:53Z",
            "description": "",
            "disk_size": 10,
            "folder_id": "b1goqt6395pbqs0t7sa4",
            "hardware_generation": [
              {
                "generation2_features": [],
                "legacy_features": [
                  {
                    "pci_topology": "PCI_TOPOLOGY_V1"
                  }
                ]
              }
            ],
            "id": "fd8cda4n8snpthmdlola",
            "labels": null,
            "name": "",
            "source_disk_id": "fhm472fbar32eoc7id3q",
            "storage_size": 5,
            "timeouts": null
          },
          "sensitive_attributes": [],
          "private": "eyJlMmJmYjczMC1lY2FhLTExZTYtOGY4OC0zNDM2M2JjN2M0YzAiOnsiY3JlYXRlIjoxMjAwMDAwMDAwMDAwLCJkZWxldGUiOjEyMDAwMDAwMDAwMDAsInVwZGF0ZSI6MTIwMDAwMDAwMDAwMH19",
          "dependencies": [
            "yandex_compute_instance.web-server-1",
            "yandex_vpc_network.network",
            "yandex_vpc_subnet.subnet-a"
          ]
        }
      ]
    },
    {
      "mode": "managed",
      "type": "yandex_compute_snapshot",
      "name": "web-server-2-snapshot",
      "provider": "provider[\"registry.terraform.io/yandex-cloud/yandex\"]",
      "instances": [
        {
          "schema_version": 0,
          "attributes": {
            "created_at": "2025-03-05T10:44:59Z",
            "description": "",
            "disk_size": 10,
            "folder_id": "b1goqt6395pbqs0t7sa4",
            "hardware_generation": [
              {
                "generation2_features": [],
                "legacy_features": [
                  {
                    "pci_topology": "PCI_TOPOLOGY_V1"
                  }
                ]
              }
            ],
            "id": "fd81ai6db3kkd619ai64",
            "labels": null,
            "name": "",
            "source_disk_id": "epd79eg0ecpvfo2v3d4v",
            "storage_size": 5,
            "timeouts": null
          },
          "sensitive_attributes": [],
          "private": "eyJlMmJmYjczMC1lY2FhLTExZTYtOGY4OC0zNDM2M2JjN2M0YzAiOnsiY3JlYXRlIjoxMjAwMDAwMDAwMDAwLCJkZWxldGUiOjEyMDAwMDAwMDAwMDAsInVwZGF0ZSI6MTIwMDAwMDAwMDAwMH19",
          "dependencies": [
            "yandex_compute_instance.web-server-2",
            "yandex_vpc_network.network",
            "yandex_vpc_subnet.subnet-b"
          ]
        }
      ]
    },
    {
      "mode": "managed",
      "type": "yandex_vpc_network",
      "name": "network",
      "provider": "provider[\"registry.terraform.io/yandex-cloud/yandex\"]",
      "instances": [
        {
          "schema_version": 0,
          "attributes": {
            "created_at": "2025-03-05T09:05:23Z",
            "default_security_group_id": "enph50d93bptgr6uorop",
            "description": "",
            "folder_id": "b1goqt6395pbqs0t7sa4",
            "id": "enpp3slsb5b6enfagkb2",
            "labels": {},
            "name": "marchenko-network",
            "subnet_ids": [
              "e2ls1gvf6oned9gj68jh",
              "e9b2kiifurm0scbokusn"
            ],
            "timeouts": null
          },
          "sensitive_attributes": [],
          "private": "eyJlMmJmYjczMC1lY2FhLTExZTYtOGY4OC0zNDM2M2JjN2M0YzAiOnsiY3JlYXRlIjo2MDAwMDAwMDAwMCwiZGVsZXRlIjo2MDAwMDAwMDAwMCwidXBkYXRlIjo2MDAwMDAwMDAwMH19"
        }
      ]
    },
    {
      "mode": "managed",
      "type": "yandex_vpc_subnet",
      "name": "subnet-a",
      "provider": "provider[\"registry.terraform.io/yandex-cloud/yandex\"]",
      "instances": [
        {
          "schema_version": 0,
          "attributes": {
            "created_at": "2025-03-05T09:05:27Z",
            "description": "",
            "dhcp_options": [],
            "folder_id": "b1goqt6395pbqs0t7sa4",
            "id": "e9b2kiifurm0scbokusn",
            "labels": {},
            "name": "subnet-a",
            "network_id": "enpp3slsb5b6enfagkb2",
            "route_table_id": "",
            "timeouts": null,
            "v4_cidr_blocks": [
              "192.168.10.0/24"
            ],
            "v6_cidr_blocks": [],
            "zone": "ru-central1-a"
          },
          "sensitive_attributes": [],
          "private": "eyJlMmJmYjczMC1lY2FhLTExZTYtOGY4OC0zNDM2M2JjN2M0YzAiOnsiY3JlYXRlIjoxODAwMDAwMDAwMDAsImRlbGV0ZSI6MTgwMDAwMDAwMDAwLCJ1cGRhdGUiOjE4MDAwMDAwMDAwMH19",
          "dependencies": [
            "yandex_vpc_network.network"
          ]
        }
      ]
    },
    {
      "mode": "managed",
      "type": "yandex_vpc_subnet",
      "name": "subnet-b",
      "provider": "provider[\"registry.terraform.io/yandex-cloud/yandex\"]",
      "instances": [
        {
          "schema_version": 0,
          "attributes": {
            "created_at": "2025-03-05T09:05:26Z",
            "description": "",
            "dhcp_options": [],
            "folder_id": "b1goqt6395pbqs0t7sa4",
            "id": "e2ls1gvf6oned9gj68jh",
            "labels": {},
            "name": "subnet-b",
            "network_id": "enpp3slsb5b6enfagkb2",
            "route_table_id": "",
            "timeouts": null,
            "v4_cidr_blocks": [
              "192.168.20.0/24"
            ],
            "v6_cidr_blocks": [],
            "zone": "ru-central1-b"
          },
          "sensitive_attributes": [],
          "private": "eyJlMmJmYjczMC1lY2FhLTExZTYtOGY4OC0zNDM2M2JjN2M0YzAiOnsiY3JlYXRlIjoxODAwMDAwMDAwMDAsImRlbGV0ZSI6MTgwMDAwMDAwMDAwLCJ1cGRhdGUiOjE4MDAwMDAwMDAwMH19",
          "dependencies": [
            "yandex_vpc_network.network"
          ]
        }
      ]
    }
  ],
  "check_results": null
}
